
Microsoft Visual Studio Solution File, Format Version 12.00
# Visual Studio Version 17
VisualStudioVersion = 17.6.33723.286
MinimumVisualStudioVersion = 10.0.40219.1
Project("{9A19103F-16F7-4668-BE54-9A1E7A4F7556}") = "Nox.Generator", "src\Nox.Generator\Nox.Generator.csproj", "{D51EC17D-12C3-4101-BCF1-4EC65822CC5B}"
EndProject
Project("{9A19103F-16F7-4668-BE54-9A1E7A4F7556}") = "Nox.Lib", "src\Nox.Lib\Nox.Lib.csproj", "{15AAEF8D-469F-4EA3-80D3-8D746A53E18A}"
EndProject
Project("{9A19103F-16F7-4668-BE54-9A1E7A4F7556}") = "Nox.Monitoring.ElasticApm", "src\Nox.Monitoring.ElasticApm\Nox.Monitoring.ElasticApm.csproj", "{23D83C90-BC4D-4D55-982E-67A55EE97D0D}"
EndProject
Project("{9A19103F-16F7-4668-BE54-9A1E7A4F7556}") = "Nox.Abstractions", "src\Nox.Abstractions\Nox.Abstractions.csproj", "{477711F6-C7D5-45D5-8E8B-A1810DD307D1}"
EndProject
Project("{9A19103F-16F7-4668-BE54-9A1E7A4F7556}") = "Nox.Types.EntityFramework.Tests", "tests\Nox.Types.EntityFramework.Tests\Nox.Types.EntityFramework.Tests.csproj", "{9FFE063D-3093-4C0A-AFAA-85D34E5E4AE1}"
EndProject
Project("{2150E333-8FDC-42A3-9474-1A3956D46DE8}") = "Types", "Types", "{110C16ED-A11D-4B5A-ABB2-0E0F4692C77A}"
EndProject
Project("{2150E333-8FDC-42A3-9474-1A3956D46DE8}") = "Solution", "Solution", "{4A930AE8-3A32-48A4-BCDB-0F55FA53AE4B}"
EndProject
Project("{2150E333-8FDC-42A3-9474-1A3956D46DE8}") = "Lib", "Lib", "{672E561C-44EA-43EE-8C9D-9E70D8DFB80F}"
EndProject
Project("{2150E333-8FDC-42A3-9474-1A3956D46DE8}") = "Monitoring", "Monitoring", "{FCAB2F70-846A-4C13-8332-48B70C792256}"
EndProject
Project("{9A19103F-16F7-4668-BE54-9A1E7A4F7556}") = "Nox.Generator.Tests", "tests\Nox.Generator.Tests\Nox.Generator.Tests.csproj", "{58599385-98BD-44A4-9990-A7AEDCAFC8A0}"
EndProject
Project("{2150E333-8FDC-42A3-9474-1A3956D46DE8}") = "0SolutionItems", "0SolutionItems", "{820129FF-6448-42E2-8792-ABE1A8CBF722}"
	ProjectSection(SolutionItems) = preProject
		GitVersion.yml = GitVersion.yml
		readme.md = readme.md
	EndProjectSection
EndProject
Project("{9A19103F-16F7-4668-BE54-9A1E7A4F7556}") = "Nox.Solution", "src\Nox.Solution\Nox.Solution.csproj", "{6E3F2DD4-6AE5-49B2-B5E4-04B21E073B4F}"
EndProject
Project("{9A19103F-16F7-4668-BE54-9A1E7A4F7556}") = "Nox.Solution.Tests", "tests\Nox.Solution.Tests\Nox.Solution.Tests.csproj", "{FAF13809-A3BA-417D-AC25-B682011AB655}"
EndProject
Project("{9A19103F-16F7-4668-BE54-9A1E7A4F7556}") = "Nox.Types", "src\Nox.Types\Nox.Types.csproj", "{A19EC5EA-3E4F-47CD-A9B8-802663E9F489}"
EndProject
Project("{9A19103F-16F7-4668-BE54-9A1E7A4F7556}") = "Nox.Types.EntityFramework", "src\Nox.Types.EntityFramework\Nox.Types.EntityFramework.csproj", "{3649B470-E632-41F7-A7B9-5331B21B3560}"
EndProject
Project("{9A19103F-16F7-4668-BE54-9A1E7A4F7556}") = "Nox.Types.Tests", "tests\Nox.Types.Tests\Nox.Types.Tests.csproj", "{A1C3BA6A-7055-4AFD-9EB3-3B9019D3E7A4}"
EndProject
Project("{2150E333-8FDC-42A3-9474-1A3956D46DE8}") = "Docs", "Docs", "{30CC9E47-ED93-4E09-A567-2BF3B414B882}"
EndProject
Project("{9A19103F-16F7-4668-BE54-9A1E7A4F7556}") = "Nox.Docs.Tests", "tests\Nox.Docs.Tests\Nox.Docs.Tests\Nox.Docs.Tests.csproj", "{07E3D341-708A-4399-93CA-0CAC8ABE3364}"
EndProject
Project("{9A19103F-16F7-4668-BE54-9A1E7A4F7556}") = "Nox.Docs", "src\Nox.Docs\Nox.Docs.csproj", "{18817438-77AB-4547-98D8-9BC9973C68C5}"
EndProject
Project("{2150E333-8FDC-42A3-9474-1A3956D46DE8}") = "DatabaseProviders", "DatabaseProviders", "{873BFCC4-435D-44D7-8287-1FB1574B2319}"
EndProject
Project("{9A19103F-16F7-4668-BE54-9A1E7A4F7556}") = "Nox.EntityFramework.Postgres", "src\Nox.EntityFramework.Postgres\Nox.EntityFramework.Postgres.csproj", "{55D717E8-6043-487C-83A9-8AE2E92086D7}"
EndProject
Project("{9A19103F-16F7-4668-BE54-9A1E7A4F7556}") = "Nox.EntityFramework.SqlServer", "src\Nox.EntityFramework.SqlServer\Nox.EntityFramework.SqlServer.csproj", "{A851D896-AC63-4DC0-98FC-9E1EEA5DACE5}"
EndProject
Project("{9A19103F-16F7-4668-BE54-9A1E7A4F7556}") = "Nox.EntityFramework.Sqlite", "src\Nox.EntityFramework.Sqlite\Nox.EntityFramework.Sqlite.csproj", "{049C94B7-EC09-4511-B6BC-21DE2C9C54E1}"
EndProject
Project("{2150E333-8FDC-42A3-9474-1A3956D46DE8}") = "Generator", "Generator", "{154B838E-65DE-479F-80B7-D48CF9862306}"
EndProject
Project("{2150E333-8FDC-42A3-9474-1A3956D46DE8}") = "dockerfiles", "dockerfiles", "{0B013153-526C-4B3B-8363-2D8ECA36AFFC}"
	ProjectSection(SolutionItems) = preProject
		docker-compose.elastic.yml = docker-compose.elastic.yml
		docker-compose.hashicorp.yml = docker-compose.hashicorp.yml
		docker-compose.postgres.yml = docker-compose.postgres.yml
		docker-compose.sqlServer.yml = docker-compose.sqlServer.yml
		docker-compose.yml = docker-compose.yml
		init_org_vault.json = init_org_vault.json
		init_sln_vault.json = init_sln_vault.json
	EndProjectSection
EndProject
Project("{9A19103F-16F7-4668-BE54-9A1E7A4F7556}") = "Nox.Secrets", "src\Nox.Secrets\Nox.Secrets.csproj", "{5A884FCB-BD50-4C38-B692-030F3BA0AB0F}"
EndProject
Project("{9A19103F-16F7-4668-BE54-9A1E7A4F7556}") = "Nox.Secrets.Tests", "tests\Nox.Secrets.Tests\Nox.Secrets.Tests.csproj", "{9C5DF8EC-0F0C-4FF0-86CC-3BE5181E6292}"
EndProject
Project("{2150E333-8FDC-42A3-9474-1A3956D46DE8}") = "Secrets", "Secrets", "{2B151195-53F6-45CD-84D5-F1E18CDFF1B0}"
EndProject
Project("{9A19103F-16F7-4668-BE54-9A1E7A4F7556}") = "Nox.Secrets.Azure", "src\Nox.Secrets.Azure\Nox.Secrets.Azure.csproj", "{D017DD5E-2DE1-462A-A891-CAB16C8BF940}"
EndProject
Project("{9A19103F-16F7-4668-BE54-9A1E7A4F7556}") = "Nox.Secrets.Hashicorp", "src\Nox.Secrets.Hashicorp\Nox.Secrets.Hashicorp.csproj", "{0B3974A4-121C-486B-964F-9037DAD3C5E8}"
EndProject
Project("{9A19103F-16F7-4668-BE54-9A1E7A4F7556}") = "Nox.Types.Abstractions", "src\Nox.Types.Abstractions\Nox.Types.Abstractions.csproj", "{15E06324-A80A-4CC5-A1DA-524A7FE847C4}"
EndProject
Project("{9A19103F-16F7-4668-BE54-9A1E7A4F7556}") = "Nox.Secrets.Abstractions", "src\Nox.Secrets.Abstractions\Nox.Secrets.Abstractions.csproj", "{EFD695A2-1BC9-447C-98E4-E601AD8BF934}"
EndProject
Project("{9A19103F-16F7-4668-BE54-9A1E7A4F7556}") = "Nox.Lib.Tests", "tests\Nox.Lib.Tests\Nox.Lib.Tests.csproj", "{AF35AF6F-8678-4CEB-90C6-5713DE84E977}"
EndProject
Project("{9A19103F-16F7-4668-BE54-9A1E7A4F7556}") = "Nox.Integration.Tests", "tests\Nox.Integration.Tests\Nox.Integration.Tests.csproj", "{C52A585F-D77C-45A6-9105-18CC4D9A7EED}"
EndProject
Project("{2150E333-8FDC-42A3-9474-1A3956D46DE8}") = "0Samples", "0Samples", "{BDF97718-FAAD-4A1B-BA61-BFF0A7B78827}"
EndProject
Project("{9A19103F-16F7-4668-BE54-9A1E7A4F7556}") = "Cryptocash.Api", "samples\Cryptocash.Api\Cryptocash.Api.csproj", "{8B23A857-9E38-4B44-9A4A-61551E347199}"
EndProject
Project("{9A19103F-16F7-4668-BE54-9A1E7A4F7556}") = "Cryptocash.Ui", "samples\Cryptocash.Ui\Cryptocash.Ui.csproj", "{9502ACC9-EFFA-40BB-9528-BF86E979C435}"
EndProject
Project("{9A19103F-16F7-4668-BE54-9A1E7A4F7556}") = "Cryptocash.Tests", "samples\Cryptocash.Api.Tests\Cryptocash.Tests.csproj", "{3F8C7B7D-34A5-4E2D-8CA2-1D50DA91E31A}"
EndProject
Project("{2150E333-8FDC-42A3-9474-1A3956D46DE8}") = "Integration", "Integration", "{8869EFA6-3BF6-458B-BABE-71775A588D73}"
EndProject
Project("{9A19103F-16F7-4668-BE54-9A1E7A4F7556}") = "Nox.Integration", "src\Nox.Integration\Nox.Integration.csproj", "{470CA4DC-B1A1-4DAE-9A70-FEEE9C0FD173}"
EndProject
Project("{9A19103F-16F7-4668-BE54-9A1E7A4F7556}") = "Nox.Generator.Tasks", "src\Nox.Generator.Tasks\Nox.Generator.Tasks.csproj", "{3CC4CBD7-2946-4171-BA1D-116955286B41}"
EndProject
Project("{2150E333-8FDC-42A3-9474-1A3956D46DE8}") = ".github", ".github", "{EE7F628D-42C8-4D9D-AA72-C6C223D43576}"
	ProjectSection(SolutionItems) = preProject
		.github\dependabot.yml = .github\dependabot.yml
	EndProjectSection
EndProject
Project("{9A19103F-16F7-4668-BE54-9A1E7A4F7556}") = "Nox.Yaml", "src\Nox.Yaml\Nox.Yaml.csproj", "{7D47CA1F-E1A4-419E-AFB1-19D96203F000}"
EndProject
Project("{9A19103F-16F7-4668-BE54-9A1E7A4F7556}") = "Nox.Yaml.Tests", "tests\Nox.Yaml.Tests\Nox.Yaml.Tests.csproj", "{951B59F3-9C0B-4351-A745-08AE047898A1}"
EndProject
Project("{9A19103F-16F7-4668-BE54-9A1E7A4F7556}") = "Nox.Generator.Tasks.Test", "tests\Nox.Generator.Tasks.Test\Nox.Generator.Tasks.Test.csproj", "{0105DEB7-C707-4AF2-807A-9478E3A4D2FC}"
EndProject
Project("{9A19103F-16F7-4668-BE54-9A1E7A4F7556}") = "Nox.Integration.EtlTests", "tests\Nox.Integration.EtlTests\Nox.Integration.EtlTests.csproj", "{0D664756-BD08-4692-9FD3-704505E3CA5C}"
EndProject
Project("{2150E333-8FDC-42A3-9474-1A3956D46DE8}") = "Yaml", "Yaml", "{BC14AE69-CDF7-4B40-A80A-B1AD14781662}"
EndProject
Project("{9A19103F-16F7-4668-BE54-9A1E7A4F7556}") = "Cryptocash.Integration", "samples\Cryptocash.Integration\Cryptocash.Integration.csproj", "{18280395-66FF-4F3E-BD56-E87ABA4964C5}"
EndProject
Project("{9A19103F-16F7-4668-BE54-9A1E7A4F7556}") = "Nox.ClientApi.Tests", "tests\Nox.ClientApi.Tests\Nox.ClientApi.Tests.csproj", "{343BDE33-1F31-44BC-8F95-C1D134C4CC3D}"
EndProject
Project("{2150E333-8FDC-42A3-9474-1A3956D46DE8}") = "Ui", "Ui", "{5BE90C3A-E0D1-41FE-B1CE-F4F70F248368}"
EndProject
Project("{9A19103F-16F7-4668-BE54-9A1E7A4F7556}") = "Nox.Ui.Blazor.Lib", "src\Nox.Ui.Blazor.Lib\Nox.Ui.Blazor.Lib.csproj", "{4CA3AE30-0078-4D6F-8E55-70D4D27D17EF}"
EndProject
Project("{9A19103F-16F7-4668-BE54-9A1E7A4F7556}") = "Nox.Ui.Blazor.Lib.Tests", "tests\Nox.Ui.Blazor.Lib.Tests\Nox.Ui.Blazor.Lib.Tests.csproj", "{AC7450E9-71D9-442A-99A1-341FE23AF449}"
EndProject
Global
	GlobalSection(SolutionConfigurationPlatforms) = preSolution
		Debug|Any CPU = Debug|Any CPU
		Release|Any CPU = Release|Any CPU
	EndGlobalSection
	GlobalSection(ProjectConfigurationPlatforms) = postSolution
		{D51EC17D-12C3-4101-BCF1-4EC65822CC5B}.Debug|Any CPU.ActiveCfg = Debug|Any CPU
		{D51EC17D-12C3-4101-BCF1-4EC65822CC5B}.Debug|Any CPU.Build.0 = Debug|Any CPU
		{D51EC17D-12C3-4101-BCF1-4EC65822CC5B}.Release|Any CPU.ActiveCfg = Release|Any CPU
		{D51EC17D-12C3-4101-BCF1-4EC65822CC5B}.Release|Any CPU.Build.0 = Release|Any CPU
		{15AAEF8D-469F-4EA3-80D3-8D746A53E18A}.Debug|Any CPU.ActiveCfg = Debug|Any CPU
		{15AAEF8D-469F-4EA3-80D3-8D746A53E18A}.Debug|Any CPU.Build.0 = Debug|Any CPU
		{15AAEF8D-469F-4EA3-80D3-8D746A53E18A}.Release|Any CPU.ActiveCfg = Release|Any CPU
		{15AAEF8D-469F-4EA3-80D3-8D746A53E18A}.Release|Any CPU.Build.0 = Release|Any CPU
		{23D83C90-BC4D-4D55-982E-67A55EE97D0D}.Debug|Any CPU.ActiveCfg = Debug|Any CPU
		{23D83C90-BC4D-4D55-982E-67A55EE97D0D}.Debug|Any CPU.Build.0 = Debug|Any CPU
		{23D83C90-BC4D-4D55-982E-67A55EE97D0D}.Release|Any CPU.ActiveCfg = Release|Any CPU
		{23D83C90-BC4D-4D55-982E-67A55EE97D0D}.Release|Any CPU.Build.0 = Release|Any CPU
		{477711F6-C7D5-45D5-8E8B-A1810DD307D1}.Debug|Any CPU.ActiveCfg = Debug|Any CPU
		{477711F6-C7D5-45D5-8E8B-A1810DD307D1}.Debug|Any CPU.Build.0 = Debug|Any CPU
		{477711F6-C7D5-45D5-8E8B-A1810DD307D1}.Release|Any CPU.ActiveCfg = Release|Any CPU
		{477711F6-C7D5-45D5-8E8B-A1810DD307D1}.Release|Any CPU.Build.0 = Release|Any CPU
		{9FFE063D-3093-4C0A-AFAA-85D34E5E4AE1}.Debug|Any CPU.ActiveCfg = Debug|Any CPU
		{9FFE063D-3093-4C0A-AFAA-85D34E5E4AE1}.Debug|Any CPU.Build.0 = Debug|Any CPU
		{9FFE063D-3093-4C0A-AFAA-85D34E5E4AE1}.Release|Any CPU.ActiveCfg = Release|Any CPU
		{9FFE063D-3093-4C0A-AFAA-85D34E5E4AE1}.Release|Any CPU.Build.0 = Release|Any CPU
		{58599385-98BD-44A4-9990-A7AEDCAFC8A0}.Debug|Any CPU.ActiveCfg = Debug|Any CPU
		{58599385-98BD-44A4-9990-A7AEDCAFC8A0}.Debug|Any CPU.Build.0 = Debug|Any CPU
		{58599385-98BD-44A4-9990-A7AEDCAFC8A0}.Release|Any CPU.ActiveCfg = Release|Any CPU
		{58599385-98BD-44A4-9990-A7AEDCAFC8A0}.Release|Any CPU.Build.0 = Release|Any CPU
		{6E3F2DD4-6AE5-49B2-B5E4-04B21E073B4F}.Debug|Any CPU.ActiveCfg = Debug|Any CPU
		{6E3F2DD4-6AE5-49B2-B5E4-04B21E073B4F}.Debug|Any CPU.Build.0 = Debug|Any CPU
		{6E3F2DD4-6AE5-49B2-B5E4-04B21E073B4F}.Release|Any CPU.ActiveCfg = Release|Any CPU
		{6E3F2DD4-6AE5-49B2-B5E4-04B21E073B4F}.Release|Any CPU.Build.0 = Release|Any CPU
		{FAF13809-A3BA-417D-AC25-B682011AB655}.Debug|Any CPU.ActiveCfg = Debug|Any CPU
		{FAF13809-A3BA-417D-AC25-B682011AB655}.Debug|Any CPU.Build.0 = Debug|Any CPU
		{FAF13809-A3BA-417D-AC25-B682011AB655}.Release|Any CPU.ActiveCfg = Release|Any CPU
		{FAF13809-A3BA-417D-AC25-B682011AB655}.Release|Any CPU.Build.0 = Release|Any CPU
		{A19EC5EA-3E4F-47CD-A9B8-802663E9F489}.Debug|Any CPU.ActiveCfg = Debug|Any CPU
		{A19EC5EA-3E4F-47CD-A9B8-802663E9F489}.Debug|Any CPU.Build.0 = Debug|Any CPU
		{A19EC5EA-3E4F-47CD-A9B8-802663E9F489}.Release|Any CPU.ActiveCfg = Release|Any CPU
		{A19EC5EA-3E4F-47CD-A9B8-802663E9F489}.Release|Any CPU.Build.0 = Release|Any CPU
		{3649B470-E632-41F7-A7B9-5331B21B3560}.Debug|Any CPU.ActiveCfg = Debug|Any CPU
		{3649B470-E632-41F7-A7B9-5331B21B3560}.Debug|Any CPU.Build.0 = Debug|Any CPU
		{3649B470-E632-41F7-A7B9-5331B21B3560}.Release|Any CPU.ActiveCfg = Release|Any CPU
		{3649B470-E632-41F7-A7B9-5331B21B3560}.Release|Any CPU.Build.0 = Release|Any CPU
		{A1C3BA6A-7055-4AFD-9EB3-3B9019D3E7A4}.Debug|Any CPU.ActiveCfg = Debug|Any CPU
		{A1C3BA6A-7055-4AFD-9EB3-3B9019D3E7A4}.Debug|Any CPU.Build.0 = Debug|Any CPU
		{A1C3BA6A-7055-4AFD-9EB3-3B9019D3E7A4}.Release|Any CPU.ActiveCfg = Release|Any CPU
		{A1C3BA6A-7055-4AFD-9EB3-3B9019D3E7A4}.Release|Any CPU.Build.0 = Release|Any CPU
		{07E3D341-708A-4399-93CA-0CAC8ABE3364}.Debug|Any CPU.ActiveCfg = Debug|Any CPU
		{07E3D341-708A-4399-93CA-0CAC8ABE3364}.Debug|Any CPU.Build.0 = Debug|Any CPU
		{07E3D341-708A-4399-93CA-0CAC8ABE3364}.Release|Any CPU.ActiveCfg = Release|Any CPU
		{07E3D341-708A-4399-93CA-0CAC8ABE3364}.Release|Any CPU.Build.0 = Release|Any CPU
		{18817438-77AB-4547-98D8-9BC9973C68C5}.Debug|Any CPU.ActiveCfg = Debug|Any CPU
		{18817438-77AB-4547-98D8-9BC9973C68C5}.Debug|Any CPU.Build.0 = Debug|Any CPU
		{18817438-77AB-4547-98D8-9BC9973C68C5}.Release|Any CPU.ActiveCfg = Release|Any CPU
		{18817438-77AB-4547-98D8-9BC9973C68C5}.Release|Any CPU.Build.0 = Release|Any CPU
		{55D717E8-6043-487C-83A9-8AE2E92086D7}.Debug|Any CPU.ActiveCfg = Debug|Any CPU
		{55D717E8-6043-487C-83A9-8AE2E92086D7}.Debug|Any CPU.Build.0 = Debug|Any CPU
		{55D717E8-6043-487C-83A9-8AE2E92086D7}.Release|Any CPU.ActiveCfg = Release|Any CPU
		{55D717E8-6043-487C-83A9-8AE2E92086D7}.Release|Any CPU.Build.0 = Release|Any CPU
		{A851D896-AC63-4DC0-98FC-9E1EEA5DACE5}.Debug|Any CPU.ActiveCfg = Debug|Any CPU
		{A851D896-AC63-4DC0-98FC-9E1EEA5DACE5}.Debug|Any CPU.Build.0 = Debug|Any CPU
		{A851D896-AC63-4DC0-98FC-9E1EEA5DACE5}.Release|Any CPU.ActiveCfg = Release|Any CPU
		{A851D896-AC63-4DC0-98FC-9E1EEA5DACE5}.Release|Any CPU.Build.0 = Release|Any CPU
		{049C94B7-EC09-4511-B6BC-21DE2C9C54E1}.Debug|Any CPU.ActiveCfg = Debug|Any CPU
		{049C94B7-EC09-4511-B6BC-21DE2C9C54E1}.Debug|Any CPU.Build.0 = Debug|Any CPU
		{049C94B7-EC09-4511-B6BC-21DE2C9C54E1}.Release|Any CPU.ActiveCfg = Release|Any CPU
		{049C94B7-EC09-4511-B6BC-21DE2C9C54E1}.Release|Any CPU.Build.0 = Release|Any CPU
		{5A884FCB-BD50-4C38-B692-030F3BA0AB0F}.Debug|Any CPU.ActiveCfg = Debug|Any CPU
		{5A884FCB-BD50-4C38-B692-030F3BA0AB0F}.Debug|Any CPU.Build.0 = Debug|Any CPU
		{5A884FCB-BD50-4C38-B692-030F3BA0AB0F}.Release|Any CPU.ActiveCfg = Release|Any CPU
		{5A884FCB-BD50-4C38-B692-030F3BA0AB0F}.Release|Any CPU.Build.0 = Release|Any CPU
		{9C5DF8EC-0F0C-4FF0-86CC-3BE5181E6292}.Debug|Any CPU.ActiveCfg = Debug|Any CPU
		{9C5DF8EC-0F0C-4FF0-86CC-3BE5181E6292}.Debug|Any CPU.Build.0 = Debug|Any CPU
		{9C5DF8EC-0F0C-4FF0-86CC-3BE5181E6292}.Release|Any CPU.ActiveCfg = Release|Any CPU
		{9C5DF8EC-0F0C-4FF0-86CC-3BE5181E6292}.Release|Any CPU.Build.0 = Release|Any CPU
		{D017DD5E-2DE1-462A-A891-CAB16C8BF940}.Debug|Any CPU.ActiveCfg = Debug|Any CPU
		{D017DD5E-2DE1-462A-A891-CAB16C8BF940}.Debug|Any CPU.Build.0 = Debug|Any CPU
		{D017DD5E-2DE1-462A-A891-CAB16C8BF940}.Release|Any CPU.ActiveCfg = Release|Any CPU
		{D017DD5E-2DE1-462A-A891-CAB16C8BF940}.Release|Any CPU.Build.0 = Release|Any CPU
		{0B3974A4-121C-486B-964F-9037DAD3C5E8}.Debug|Any CPU.ActiveCfg = Debug|Any CPU
		{0B3974A4-121C-486B-964F-9037DAD3C5E8}.Debug|Any CPU.Build.0 = Debug|Any CPU
		{0B3974A4-121C-486B-964F-9037DAD3C5E8}.Release|Any CPU.ActiveCfg = Release|Any CPU
		{0B3974A4-121C-486B-964F-9037DAD3C5E8}.Release|Any CPU.Build.0 = Release|Any CPU
		{15E06324-A80A-4CC5-A1DA-524A7FE847C4}.Debug|Any CPU.ActiveCfg = Debug|Any CPU
		{15E06324-A80A-4CC5-A1DA-524A7FE847C4}.Debug|Any CPU.Build.0 = Debug|Any CPU
		{15E06324-A80A-4CC5-A1DA-524A7FE847C4}.Release|Any CPU.ActiveCfg = Release|Any CPU
		{15E06324-A80A-4CC5-A1DA-524A7FE847C4}.Release|Any CPU.Build.0 = Release|Any CPU
		{EFD695A2-1BC9-447C-98E4-E601AD8BF934}.Debug|Any CPU.ActiveCfg = Debug|Any CPU
		{EFD695A2-1BC9-447C-98E4-E601AD8BF934}.Debug|Any CPU.Build.0 = Debug|Any CPU
		{EFD695A2-1BC9-447C-98E4-E601AD8BF934}.Release|Any CPU.ActiveCfg = Release|Any CPU
		{EFD695A2-1BC9-447C-98E4-E601AD8BF934}.Release|Any CPU.Build.0 = Release|Any CPU
		{AF35AF6F-8678-4CEB-90C6-5713DE84E977}.Debug|Any CPU.ActiveCfg = Debug|Any CPU
		{AF35AF6F-8678-4CEB-90C6-5713DE84E977}.Debug|Any CPU.Build.0 = Debug|Any CPU
		{AF35AF6F-8678-4CEB-90C6-5713DE84E977}.Release|Any CPU.ActiveCfg = Release|Any CPU
		{AF35AF6F-8678-4CEB-90C6-5713DE84E977}.Release|Any CPU.Build.0 = Release|Any CPU
		{C52A585F-D77C-45A6-9105-18CC4D9A7EED}.Debug|Any CPU.ActiveCfg = Debug|Any CPU
		{C52A585F-D77C-45A6-9105-18CC4D9A7EED}.Debug|Any CPU.Build.0 = Debug|Any CPU
		{C52A585F-D77C-45A6-9105-18CC4D9A7EED}.Release|Any CPU.ActiveCfg = Release|Any CPU
		{C52A585F-D77C-45A6-9105-18CC4D9A7EED}.Release|Any CPU.Build.0 = Release|Any CPU
		{8B23A857-9E38-4B44-9A4A-61551E347199}.Debug|Any CPU.ActiveCfg = Debug|Any CPU
		{8B23A857-9E38-4B44-9A4A-61551E347199}.Debug|Any CPU.Build.0 = Debug|Any CPU
		{8B23A857-9E38-4B44-9A4A-61551E347199}.Release|Any CPU.ActiveCfg = Release|Any CPU
		{8B23A857-9E38-4B44-9A4A-61551E347199}.Release|Any CPU.Build.0 = Release|Any CPU
		{9502ACC9-EFFA-40BB-9528-BF86E979C435}.Debug|Any CPU.ActiveCfg = Debug|Any CPU
		{9502ACC9-EFFA-40BB-9528-BF86E979C435}.Debug|Any CPU.Build.0 = Debug|Any CPU
		{9502ACC9-EFFA-40BB-9528-BF86E979C435}.Release|Any CPU.ActiveCfg = Release|Any CPU
		{9502ACC9-EFFA-40BB-9528-BF86E979C435}.Release|Any CPU.Build.0 = Release|Any CPU
		{3F8C7B7D-34A5-4E2D-8CA2-1D50DA91E31A}.Debug|Any CPU.ActiveCfg = Debug|Any CPU
		{3F8C7B7D-34A5-4E2D-8CA2-1D50DA91E31A}.Debug|Any CPU.Build.0 = Debug|Any CPU
		{3F8C7B7D-34A5-4E2D-8CA2-1D50DA91E31A}.Release|Any CPU.ActiveCfg = Release|Any CPU
		{3F8C7B7D-34A5-4E2D-8CA2-1D50DA91E31A}.Release|Any CPU.Build.0 = Release|Any CPU
		{470CA4DC-B1A1-4DAE-9A70-FEEE9C0FD173}.Debug|Any CPU.ActiveCfg = Debug|Any CPU
		{470CA4DC-B1A1-4DAE-9A70-FEEE9C0FD173}.Debug|Any CPU.Build.0 = Debug|Any CPU
		{470CA4DC-B1A1-4DAE-9A70-FEEE9C0FD173}.Release|Any CPU.ActiveCfg = Release|Any CPU
		{470CA4DC-B1A1-4DAE-9A70-FEEE9C0FD173}.Release|Any CPU.Build.0 = Release|Any CPU
		{3CC4CBD7-2946-4171-BA1D-116955286B41}.Debug|Any CPU.ActiveCfg = Debug|Any CPU
		{3CC4CBD7-2946-4171-BA1D-116955286B41}.Debug|Any CPU.Build.0 = Debug|Any CPU
		{3CC4CBD7-2946-4171-BA1D-116955286B41}.Release|Any CPU.ActiveCfg = Release|Any CPU
		{3CC4CBD7-2946-4171-BA1D-116955286B41}.Release|Any CPU.Build.0 = Release|Any CPU
		{7D47CA1F-E1A4-419E-AFB1-19D96203F000}.Debug|Any CPU.ActiveCfg = Debug|Any CPU
		{7D47CA1F-E1A4-419E-AFB1-19D96203F000}.Debug|Any CPU.Build.0 = Debug|Any CPU
		{7D47CA1F-E1A4-419E-AFB1-19D96203F000}.Release|Any CPU.ActiveCfg = Release|Any CPU
		{7D47CA1F-E1A4-419E-AFB1-19D96203F000}.Release|Any CPU.Build.0 = Release|Any CPU
		{951B59F3-9C0B-4351-A745-08AE047898A1}.Debug|Any CPU.ActiveCfg = Debug|Any CPU
		{951B59F3-9C0B-4351-A745-08AE047898A1}.Debug|Any CPU.Build.0 = Debug|Any CPU
		{951B59F3-9C0B-4351-A745-08AE047898A1}.Release|Any CPU.ActiveCfg = Release|Any CPU
		{951B59F3-9C0B-4351-A745-08AE047898A1}.Release|Any CPU.Build.0 = Release|Any CPU
		{0105DEB7-C707-4AF2-807A-9478E3A4D2FC}.Debug|Any CPU.ActiveCfg = Debug|Any CPU
		{0105DEB7-C707-4AF2-807A-9478E3A4D2FC}.Debug|Any CPU.Build.0 = Debug|Any CPU
		{0105DEB7-C707-4AF2-807A-9478E3A4D2FC}.Release|Any CPU.ActiveCfg = Release|Any CPU
		{0105DEB7-C707-4AF2-807A-9478E3A4D2FC}.Release|Any CPU.Build.0 = Release|Any CPU
		{0D664756-BD08-4692-9FD3-704505E3CA5C}.Debug|Any CPU.ActiveCfg = Debug|Any CPU
		{0D664756-BD08-4692-9FD3-704505E3CA5C}.Debug|Any CPU.Build.0 = Debug|Any CPU
		{0D664756-BD08-4692-9FD3-704505E3CA5C}.Release|Any CPU.ActiveCfg = Release|Any CPU
		{0D664756-BD08-4692-9FD3-704505E3CA5C}.Release|Any CPU.Build.0 = Release|Any CPU
		{18280395-66FF-4F3E-BD56-E87ABA4964C5}.Debug|Any CPU.ActiveCfg = Debug|Any CPU
		{18280395-66FF-4F3E-BD56-E87ABA4964C5}.Debug|Any CPU.Build.0 = Debug|Any CPU
		{18280395-66FF-4F3E-BD56-E87ABA4964C5}.Release|Any CPU.ActiveCfg = Release|Any CPU
		{18280395-66FF-4F3E-BD56-E87ABA4964C5}.Release|Any CPU.Build.0 = Release|Any CPU
		{343BDE33-1F31-44BC-8F95-C1D134C4CC3D}.Debug|Any CPU.ActiveCfg = Debug|Any CPU
		{343BDE33-1F31-44BC-8F95-C1D134C4CC3D}.Debug|Any CPU.Build.0 = Debug|Any CPU
		{343BDE33-1F31-44BC-8F95-C1D134C4CC3D}.Release|Any CPU.ActiveCfg = Release|Any CPU
		{343BDE33-1F31-44BC-8F95-C1D134C4CC3D}.Release|Any CPU.Build.0 = Release|Any CPU
		{4CA3AE30-0078-4D6F-8E55-70D4D27D17EF}.Debug|Any CPU.ActiveCfg = Debug|Any CPU
		{4CA3AE30-0078-4D6F-8E55-70D4D27D17EF}.Debug|Any CPU.Build.0 = Debug|Any CPU
		{4CA3AE30-0078-4D6F-8E55-70D4D27D17EF}.Release|Any CPU.ActiveCfg = Release|Any CPU
		{4CA3AE30-0078-4D6F-8E55-70D4D27D17EF}.Release|Any CPU.Build.0 = Release|Any CPU
		{AC7450E9-71D9-442A-99A1-341FE23AF449}.Debug|Any CPU.ActiveCfg = Debug|Any CPU
		{AC7450E9-71D9-442A-99A1-341FE23AF449}.Debug|Any CPU.Build.0 = Debug|Any CPU
		{AC7450E9-71D9-442A-99A1-341FE23AF449}.Release|Any CPU.ActiveCfg = Release|Any CPU
		{AC7450E9-71D9-442A-99A1-341FE23AF449}.Release|Any CPU.Build.0 = Release|Any CPU
	EndGlobalSection
	GlobalSection(SolutionProperties) = preSolution
		HideSolutionNode = FALSE
	EndGlobalSection
	GlobalSection(NestedProjects) = preSolution
		{D51EC17D-12C3-4101-BCF1-4EC65822CC5B} = {154B838E-65DE-479F-80B7-D48CF9862306}
		{15AAEF8D-469F-4EA3-80D3-8D746A53E18A} = {672E561C-44EA-43EE-8C9D-9E70D8DFB80F}
		{23D83C90-BC4D-4D55-982E-67A55EE97D0D} = {FCAB2F70-846A-4C13-8332-48B70C792256}
		{477711F6-C7D5-45D5-8E8B-A1810DD307D1} = {672E561C-44EA-43EE-8C9D-9E70D8DFB80F}
		{9FFE063D-3093-4C0A-AFAA-85D34E5E4AE1} = {873BFCC4-435D-44D7-8287-1FB1574B2319}
		{58599385-98BD-44A4-9990-A7AEDCAFC8A0} = {154B838E-65DE-479F-80B7-D48CF9862306}
		{6E3F2DD4-6AE5-49B2-B5E4-04B21E073B4F} = {4A930AE8-3A32-48A4-BCDB-0F55FA53AE4B}
		{FAF13809-A3BA-417D-AC25-B682011AB655} = {4A930AE8-3A32-48A4-BCDB-0F55FA53AE4B}
		{A19EC5EA-3E4F-47CD-A9B8-802663E9F489} = {110C16ED-A11D-4B5A-ABB2-0E0F4692C77A}
		{3649B470-E632-41F7-A7B9-5331B21B3560} = {873BFCC4-435D-44D7-8287-1FB1574B2319}
		{A1C3BA6A-7055-4AFD-9EB3-3B9019D3E7A4} = {110C16ED-A11D-4B5A-ABB2-0E0F4692C77A}
		{07E3D341-708A-4399-93CA-0CAC8ABE3364} = {30CC9E47-ED93-4E09-A567-2BF3B414B882}
		{18817438-77AB-4547-98D8-9BC9973C68C5} = {30CC9E47-ED93-4E09-A567-2BF3B414B882}
		{55D717E8-6043-487C-83A9-8AE2E92086D7} = {873BFCC4-435D-44D7-8287-1FB1574B2319}
		{A851D896-AC63-4DC0-98FC-9E1EEA5DACE5} = {873BFCC4-435D-44D7-8287-1FB1574B2319}
		{049C94B7-EC09-4511-B6BC-21DE2C9C54E1} = {873BFCC4-435D-44D7-8287-1FB1574B2319}
		{0B013153-526C-4B3B-8363-2D8ECA36AFFC} = {820129FF-6448-42E2-8792-ABE1A8CBF722}
		{5A884FCB-BD50-4C38-B692-030F3BA0AB0F} = {2B151195-53F6-45CD-84D5-F1E18CDFF1B0}
		{9C5DF8EC-0F0C-4FF0-86CC-3BE5181E6292} = {2B151195-53F6-45CD-84D5-F1E18CDFF1B0}
		{D017DD5E-2DE1-462A-A891-CAB16C8BF940} = {2B151195-53F6-45CD-84D5-F1E18CDFF1B0}
		{0B3974A4-121C-486B-964F-9037DAD3C5E8} = {2B151195-53F6-45CD-84D5-F1E18CDFF1B0}
		{15E06324-A80A-4CC5-A1DA-524A7FE847C4} = {110C16ED-A11D-4B5A-ABB2-0E0F4692C77A}
		{EFD695A2-1BC9-447C-98E4-E601AD8BF934} = {2B151195-53F6-45CD-84D5-F1E18CDFF1B0}
		{AF35AF6F-8678-4CEB-90C6-5713DE84E977} = {672E561C-44EA-43EE-8C9D-9E70D8DFB80F}
		{8B23A857-9E38-4B44-9A4A-61551E347199} = {BDF97718-FAAD-4A1B-BA61-BFF0A7B78827}
		{9502ACC9-EFFA-40BB-9528-BF86E979C435} = {BDF97718-FAAD-4A1B-BA61-BFF0A7B78827}
		{3F8C7B7D-34A5-4E2D-8CA2-1D50DA91E31A} = {BDF97718-FAAD-4A1B-BA61-BFF0A7B78827}
		{470CA4DC-B1A1-4DAE-9A70-FEEE9C0FD173} = {8869EFA6-3BF6-458B-BABE-71775A588D73}
		{3CC4CBD7-2946-4171-BA1D-116955286B41} = {154B838E-65DE-479F-80B7-D48CF9862306}
		{EE7F628D-42C8-4D9D-AA72-C6C223D43576} = {820129FF-6448-42E2-8792-ABE1A8CBF722}
		{7D47CA1F-E1A4-419E-AFB1-19D96203F000} = {BC14AE69-CDF7-4B40-A80A-B1AD14781662}
		{951B59F3-9C0B-4351-A745-08AE047898A1} = {BC14AE69-CDF7-4B40-A80A-B1AD14781662}
		{0105DEB7-C707-4AF2-807A-9478E3A4D2FC} = {154B838E-65DE-479F-80B7-D48CF9862306}
		{0D664756-BD08-4692-9FD3-704505E3CA5C} = {8869EFA6-3BF6-458B-BABE-71775A588D73}
		{18280395-66FF-4F3E-BD56-E87ABA4964C5} = {BDF97718-FAAD-4A1B-BA61-BFF0A7B78827}
		{4CA3AE30-0078-4D6F-8E55-70D4D27D17EF} = {5BE90C3A-E0D1-41FE-B1CE-F4F70F248368}
		{AC7450E9-71D9-442A-99A1-341FE23AF449} = {5BE90C3A-E0D1-41FE-B1CE-F4F70F248368}
	EndGlobalSection
	GlobalSection(ExtensibilityGlobals) = postSolution
		SolutionGuid = {0E72B357-9E1E-43B5-9868-8D2B74CB2AF0}
	EndGlobalSection
EndGlobal
