
Microsoft Visual Studio Solution File, Format Version 12.00
# Visual Studio Version 17
VisualStudioVersion = 17.6.33723.286
MinimumVisualStudioVersion = 10.0.40219.1
Project("{9A19103F-16F7-4668-BE54-9A1E7A4F7556}") = "Nox.Generator", "Nox.Generator\Nox.Generator.csproj", "{D51EC17D-12C3-4101-BCF1-4EC65822CC5B}"
EndProject
Project("{9A19103F-16F7-4668-BE54-9A1E7A4F7556}") = "SampleWebApp", "SampleWebApp\SampleWebApp.csproj", "{8FC400B5-B768-4712-BDBA-359BC2606B1B}"
EndProject
Project("{9A19103F-16F7-4668-BE54-9A1E7A4F7556}") = "Nox.Lib", "Nox.Lib\Nox.Lib.csproj", "{15AAEF8D-469F-4EA3-80D3-8D746A53E18A}"
EndProject
Project("{9A19103F-16F7-4668-BE54-9A1E7A4F7556}") = "Nox.Monitoring.ElasticApm", "Nox.Monitoring.ElasticApm\Nox.Monitoring.ElasticApm.csproj", "{23D83C90-BC4D-4D55-982E-67A55EE97D0D}"
EndProject
Project("{9A19103F-16F7-4668-BE54-9A1E7A4F7556}") = "Nox.Abstractions", "Nox.Abstractions\Nox.Abstractions.csproj", "{477711F6-C7D5-45D5-8E8B-A1810DD307D1}"
EndProject
Project("{9A19103F-16F7-4668-BE54-9A1E7A4F7556}") = "Nox.Logging.Serilog", "Nox.Logging.Serilog\Nox.Logging.Serilog.csproj", "{7BD651E7-3B5C-4118-963C-629C34F30258}"
EndProject
Project("{9A19103F-16F7-4668-BE54-9A1E7A4F7556}") = "Nox.Types.EntityFramework.Tests", "..\tests\Nox.Types.EntityFramework.Tests\Nox.Types.EntityFramework.Tests.csproj", "{9FFE063D-3093-4C0A-AFAA-85D34E5E4AE1}"
EndProject
Project("{2150E333-8FDC-42A3-9474-1A3956D46DE8}") = "Types", "Types", "{110C16ED-A11D-4B5A-ABB2-0E0F4692C77A}"
EndProject
Project("{2150E333-8FDC-42A3-9474-1A3956D46DE8}") = "Solution", "Solution", "{4A930AE8-3A32-48A4-BCDB-0F55FA53AE4B}"
EndProject
Project("{2150E333-8FDC-42A3-9474-1A3956D46DE8}") = "Lib", "Lib", "{672E561C-44EA-43EE-8C9D-9E70D8DFB80F}"
EndProject
Project("{2150E333-8FDC-42A3-9474-1A3956D46DE8}") = "Monitoring", "Monitoring", "{FCAB2F70-846A-4C13-8332-48B70C792256}"
EndProject
Project("{9A19103F-16F7-4668-BE54-9A1E7A4F7556}") = "Nox.Generator.Tests", "..\tests\Nox.Generator.Tests\Nox.Generator.Tests.csproj", "{58599385-98BD-44A4-9990-A7AEDCAFC8A0}"
EndProject
Project("{2150E333-8FDC-42A3-9474-1A3956D46DE8}") = "0SolutionItems", "0SolutionItems", "{820129FF-6448-42E2-8792-ABE1A8CBF722}"
	ProjectSection(SolutionItems) = preProject
		..\GitVersion.yml = ..\GitVersion.yml
		..\readme.md = ..\readme.md
	EndProjectSection
EndProject
Project("{9A19103F-16F7-4668-BE54-9A1E7A4F7556}") = "Nox.Solution", "Nox.Solution\Nox.Solution.csproj", "{6E3F2DD4-6AE5-49B2-B5E4-04B21E073B4F}"
EndProject
Project("{9A19103F-16F7-4668-BE54-9A1E7A4F7556}") = "Nox.Solution.Tests", "..\tests\Nox.Solution.Tests\Nox.Solution.Tests.csproj", "{FAF13809-A3BA-417D-AC25-B682011AB655}"
EndProject
Project("{9A19103F-16F7-4668-BE54-9A1E7A4F7556}") = "Nox.Types", "Nox.Types\Nox.Types.csproj", "{A19EC5EA-3E4F-47CD-A9B8-802663E9F489}"
EndProject
Project("{9A19103F-16F7-4668-BE54-9A1E7A4F7556}") = "Nox.Types.EntityFramework", "Nox.Types.EntityFramework\Nox.Types.EntityFramework.csproj", "{3649B470-E632-41F7-A7B9-5331B21B3560}"
EndProject
Project("{9A19103F-16F7-4668-BE54-9A1E7A4F7556}") = "Nox.Types.Tests", "..\tests\Nox.Types.Tests\Nox.Types.Tests.csproj", "{A1C3BA6A-7055-4AFD-9EB3-3B9019D3E7A4}"
EndProject
Project("{2150E333-8FDC-42A3-9474-1A3956D46DE8}") = "Docs", "Docs", "{30CC9E47-ED93-4E09-A567-2BF3B414B882}"
EndProject
Project("{9A19103F-16F7-4668-BE54-9A1E7A4F7556}") = "Nox.Docs.Tests", "..\tests\Nox.Docs.Tests\Nox.Docs.Tests\Nox.Docs.Tests.csproj", "{07E3D341-708A-4399-93CA-0CAC8ABE3364}"
EndProject
Project("{9A19103F-16F7-4668-BE54-9A1E7A4F7556}") = "Nox.Docs", "Nox.Docs\Nox.Docs.csproj", "{18817438-77AB-4547-98D8-9BC9973C68C5}"
EndProject
Project("{2150E333-8FDC-42A3-9474-1A3956D46DE8}") = "DatabaseProviders", "DatabaseProviders", "{873BFCC4-435D-44D7-8287-1FB1574B2319}"
EndProject
Project("{9A19103F-16F7-4668-BE54-9A1E7A4F7556}") = "Nox.EntityFramework.Postgres", "Nox.EntityFramework.Postgres\Nox.EntityFramework.Postgres.csproj", "{55D717E8-6043-487C-83A9-8AE2E92086D7}"
EndProject
Project("{9A19103F-16F7-4668-BE54-9A1E7A4F7556}") = "Nox.EntityFramework.SqlServer", "Nox.EntityFramework.SqlServer\Nox.EntityFramework.SqlServer.csproj", "{A851D896-AC63-4DC0-98FC-9E1EEA5DACE5}"
EndProject
Project("{9A19103F-16F7-4668-BE54-9A1E7A4F7556}") = "Nox.EntityFramework.Sqlite", "Nox.EntityFramework.Sqlite\Nox.EntityFramework.Sqlite.csproj", "{049C94B7-EC09-4511-B6BC-21DE2C9C54E1}"
EndProject
Project("{2150E333-8FDC-42A3-9474-1A3956D46DE8}") = "Generator", "Generator", "{154B838E-65DE-479F-80B7-D48CF9862306}"
EndProject
Project("{9A19103F-16F7-4668-BE54-9A1E7A4F7556}") = "Nox.Tests", "..\tests\Nox.Tests\Nox.Tests.csproj", "{749A8B24-397E-4794-B647-3557E19FBA41}"
EndProject
Project("{2150E333-8FDC-42A3-9474-1A3956D46DE8}") = "dockerfiles", "dockerfiles", "{0B013153-526C-4B3B-8363-2D8ECA36AFFC}"
	ProjectSection(SolutionItems) = preProject
		..\docker-compose.elastic.yml = ..\docker-compose.elastic.yml
		..\docker-compose.hashicorp.yml = ..\docker-compose.hashicorp.yml
		..\docker-compose.postgres.yml = ..\docker-compose.postgres.yml
		..\docker-compose.sqlServer.yml = ..\docker-compose.sqlServer.yml
		..\docker-compose.yml = ..\docker-compose.yml
		..\init_org_vault.json = ..\init_org_vault.json
		..\init_sln_vault.json = ..\init_sln_vault.json
	EndProjectSection
EndProject
Project("{9A19103F-16F7-4668-BE54-9A1E7A4F7556}") = "Nox.Secrets", "Nox.Secrets\Nox.Secrets.csproj", "{5A884FCB-BD50-4C38-B692-030F3BA0AB0F}"
EndProject
Project("{9A19103F-16F7-4668-BE54-9A1E7A4F7556}") = "Nox.Secrets.Tests", "..\tests\Nox.Secrets.Tests\Nox.Secrets.Tests.csproj", "{9C5DF8EC-0F0C-4FF0-86CC-3BE5181E6292}"
EndProject
Project("{2150E333-8FDC-42A3-9474-1A3956D46DE8}") = "Secrets", "Secrets", "{2B151195-53F6-45CD-84D5-F1E18CDFF1B0}"
EndProject
Project("{9A19103F-16F7-4668-BE54-9A1E7A4F7556}") = "Nox.Secrets.Azure", "Nox.Secrets.Azure\Nox.Secrets.Azure.csproj", "{D017DD5E-2DE1-462A-A891-CAB16C8BF940}"
EndProject
Project("{9A19103F-16F7-4668-BE54-9A1E7A4F7556}") = "Nox.Secrets.Hashicorp", "Nox.Secrets.Hashicorp\Nox.Secrets.Hashicorp.csproj", "{0B3974A4-121C-486B-964F-9037DAD3C5E8}"
EndProject
Project("{9A19103F-16F7-4668-BE54-9A1E7A4F7556}") = "Nox.Types.Abstractions", "Nox.Types.Abstractions\Nox.Types.Abstractions.csproj", "{15E06324-A80A-4CC5-A1DA-524A7FE847C4}"
EndProject
Project("{2150E333-8FDC-42A3-9474-1A3956D46DE8}") = "Localization", "Localization", "{68D7B56B-A363-4645-8390-AF433193F63A}"
EndProject
Project("{9A19103F-16F7-4668-BE54-9A1E7A4F7556}") = "Nox.Translations.Tests", "..\tests\Nox.Translations.Tests\Nox.Translations.Tests.csproj", "{C64B9DB4-256D-41FC-8CE9-9F93DC02A57E}"
EndProject
Project("{9A19103F-16F7-4668-BE54-9A1E7A4F7556}") = "Nox.Localization", "Nox.Translations\Nox.Localization.csproj", "{0A521451-D7ED-4148-A3F6-3CAF9C169C32}"
EndProject
Project("{2150E333-8FDC-42A3-9474-1A3956D46DE8}") = "Logging", "Logging", "{1EC38150-0AA2-4D31-B9B3-84E25D7BBD7D}"
EndProject
Global
	GlobalSection(SolutionConfigurationPlatforms) = preSolution
		Debug|Any CPU = Debug|Any CPU
		Release|Any CPU = Release|Any CPU
	EndGlobalSection
	GlobalSection(ProjectConfigurationPlatforms) = postSolution
		{D51EC17D-12C3-4101-BCF1-4EC65822CC5B}.Debug|Any CPU.ActiveCfg = Debug|Any CPU
		{D51EC17D-12C3-4101-BCF1-4EC65822CC5B}.Debug|Any CPU.Build.0 = Debug|Any CPU
		{D51EC17D-12C3-4101-BCF1-4EC65822CC5B}.Release|Any CPU.ActiveCfg = Release|Any CPU
		{D51EC17D-12C3-4101-BCF1-4EC65822CC5B}.Release|Any CPU.Build.0 = Release|Any CPU
		{8FC400B5-B768-4712-BDBA-359BC2606B1B}.Debug|Any CPU.ActiveCfg = Debug|Any CPU
		{8FC400B5-B768-4712-BDBA-359BC2606B1B}.Debug|Any CPU.Build.0 = Debug|Any CPU
		{8FC400B5-B768-4712-BDBA-359BC2606B1B}.Release|Any CPU.ActiveCfg = Release|Any CPU
		{8FC400B5-B768-4712-BDBA-359BC2606B1B}.Release|Any CPU.Build.0 = Release|Any CPU
		{15AAEF8D-469F-4EA3-80D3-8D746A53E18A}.Debug|Any CPU.ActiveCfg = Debug|Any CPU
		{15AAEF8D-469F-4EA3-80D3-8D746A53E18A}.Debug|Any CPU.Build.0 = Debug|Any CPU
		{15AAEF8D-469F-4EA3-80D3-8D746A53E18A}.Release|Any CPU.ActiveCfg = Release|Any CPU
		{15AAEF8D-469F-4EA3-80D3-8D746A53E18A}.Release|Any CPU.Build.0 = Release|Any CPU
		{23D83C90-BC4D-4D55-982E-67A55EE97D0D}.Debug|Any CPU.ActiveCfg = Debug|Any CPU
		{23D83C90-BC4D-4D55-982E-67A55EE97D0D}.Debug|Any CPU.Build.0 = Debug|Any CPU
		{23D83C90-BC4D-4D55-982E-67A55EE97D0D}.Release|Any CPU.ActiveCfg = Release|Any CPU
		{23D83C90-BC4D-4D55-982E-67A55EE97D0D}.Release|Any CPU.Build.0 = Release|Any CPU
		{477711F6-C7D5-45D5-8E8B-A1810DD307D1}.Debug|Any CPU.ActiveCfg = Debug|Any CPU
		{477711F6-C7D5-45D5-8E8B-A1810DD307D1}.Debug|Any CPU.Build.0 = Debug|Any CPU
		{477711F6-C7D5-45D5-8E8B-A1810DD307D1}.Release|Any CPU.ActiveCfg = Release|Any CPU
		{477711F6-C7D5-45D5-8E8B-A1810DD307D1}.Release|Any CPU.Build.0 = Release|Any CPU
		{7BD651E7-3B5C-4118-963C-629C34F30258}.Debug|Any CPU.ActiveCfg = Debug|Any CPU
		{7BD651E7-3B5C-4118-963C-629C34F30258}.Debug|Any CPU.Build.0 = Debug|Any CPU
		{7BD651E7-3B5C-4118-963C-629C34F30258}.Release|Any CPU.ActiveCfg = Release|Any CPU
		{7BD651E7-3B5C-4118-963C-629C34F30258}.Release|Any CPU.Build.0 = Release|Any CPU
		{9FFE063D-3093-4C0A-AFAA-85D34E5E4AE1}.Debug|Any CPU.ActiveCfg = Debug|Any CPU
		{9FFE063D-3093-4C0A-AFAA-85D34E5E4AE1}.Debug|Any CPU.Build.0 = Debug|Any CPU
		{9FFE063D-3093-4C0A-AFAA-85D34E5E4AE1}.Release|Any CPU.ActiveCfg = Release|Any CPU
		{9FFE063D-3093-4C0A-AFAA-85D34E5E4AE1}.Release|Any CPU.Build.0 = Release|Any CPU
		{58599385-98BD-44A4-9990-A7AEDCAFC8A0}.Debug|Any CPU.ActiveCfg = Debug|Any CPU
		{58599385-98BD-44A4-9990-A7AEDCAFC8A0}.Debug|Any CPU.Build.0 = Debug|Any CPU
		{58599385-98BD-44A4-9990-A7AEDCAFC8A0}.Release|Any CPU.ActiveCfg = Release|Any CPU
		{58599385-98BD-44A4-9990-A7AEDCAFC8A0}.Release|Any CPU.Build.0 = Release|Any CPU
		{6E3F2DD4-6AE5-49B2-B5E4-04B21E073B4F}.Debug|Any CPU.ActiveCfg = Debug|Any CPU
		{6E3F2DD4-6AE5-49B2-B5E4-04B21E073B4F}.Debug|Any CPU.Build.0 = Debug|Any CPU
		{6E3F2DD4-6AE5-49B2-B5E4-04B21E073B4F}.Release|Any CPU.ActiveCfg = Release|Any CPU
		{6E3F2DD4-6AE5-49B2-B5E4-04B21E073B4F}.Release|Any CPU.Build.0 = Release|Any CPU
		{FAF13809-A3BA-417D-AC25-B682011AB655}.Debug|Any CPU.ActiveCfg = Debug|Any CPU
		{FAF13809-A3BA-417D-AC25-B682011AB655}.Debug|Any CPU.Build.0 = Debug|Any CPU
		{FAF13809-A3BA-417D-AC25-B682011AB655}.Release|Any CPU.ActiveCfg = Release|Any CPU
		{FAF13809-A3BA-417D-AC25-B682011AB655}.Release|Any CPU.Build.0 = Release|Any CPU
		{A19EC5EA-3E4F-47CD-A9B8-802663E9F489}.Debug|Any CPU.ActiveCfg = Debug|Any CPU
		{A19EC5EA-3E4F-47CD-A9B8-802663E9F489}.Debug|Any CPU.Build.0 = Debug|Any CPU
		{A19EC5EA-3E4F-47CD-A9B8-802663E9F489}.Release|Any CPU.ActiveCfg = Release|Any CPU
		{A19EC5EA-3E4F-47CD-A9B8-802663E9F489}.Release|Any CPU.Build.0 = Release|Any CPU
		{3649B470-E632-41F7-A7B9-5331B21B3560}.Debug|Any CPU.ActiveCfg = Debug|Any CPU
		{3649B470-E632-41F7-A7B9-5331B21B3560}.Debug|Any CPU.Build.0 = Debug|Any CPU
		{3649B470-E632-41F7-A7B9-5331B21B3560}.Release|Any CPU.ActiveCfg = Release|Any CPU
		{3649B470-E632-41F7-A7B9-5331B21B3560}.Release|Any CPU.Build.0 = Release|Any CPU
		{A1C3BA6A-7055-4AFD-9EB3-3B9019D3E7A4}.Debug|Any CPU.ActiveCfg = Debug|Any CPU
		{A1C3BA6A-7055-4AFD-9EB3-3B9019D3E7A4}.Debug|Any CPU.Build.0 = Debug|Any CPU
		{A1C3BA6A-7055-4AFD-9EB3-3B9019D3E7A4}.Release|Any CPU.ActiveCfg = Release|Any CPU
		{A1C3BA6A-7055-4AFD-9EB3-3B9019D3E7A4}.Release|Any CPU.Build.0 = Release|Any CPU
		{07E3D341-708A-4399-93CA-0CAC8ABE3364}.Debug|Any CPU.ActiveCfg = Debug|Any CPU
		{07E3D341-708A-4399-93CA-0CAC8ABE3364}.Debug|Any CPU.Build.0 = Debug|Any CPU
		{07E3D341-708A-4399-93CA-0CAC8ABE3364}.Release|Any CPU.ActiveCfg = Release|Any CPU
		{07E3D341-708A-4399-93CA-0CAC8ABE3364}.Release|Any CPU.Build.0 = Release|Any CPU
		{18817438-77AB-4547-98D8-9BC9973C68C5}.Debug|Any CPU.ActiveCfg = Debug|Any CPU
		{18817438-77AB-4547-98D8-9BC9973C68C5}.Debug|Any CPU.Build.0 = Debug|Any CPU
		{18817438-77AB-4547-98D8-9BC9973C68C5}.Release|Any CPU.ActiveCfg = Release|Any CPU
		{18817438-77AB-4547-98D8-9BC9973C68C5}.Release|Any CPU.Build.0 = Release|Any CPU
		{55D717E8-6043-487C-83A9-8AE2E92086D7}.Debug|Any CPU.ActiveCfg = Debug|Any CPU
		{55D717E8-6043-487C-83A9-8AE2E92086D7}.Debug|Any CPU.Build.0 = Debug|Any CPU
		{55D717E8-6043-487C-83A9-8AE2E92086D7}.Release|Any CPU.ActiveCfg = Release|Any CPU
		{55D717E8-6043-487C-83A9-8AE2E92086D7}.Release|Any CPU.Build.0 = Release|Any CPU
		{A851D896-AC63-4DC0-98FC-9E1EEA5DACE5}.Debug|Any CPU.ActiveCfg = Debug|Any CPU
		{A851D896-AC63-4DC0-98FC-9E1EEA5DACE5}.Debug|Any CPU.Build.0 = Debug|Any CPU
		{A851D896-AC63-4DC0-98FC-9E1EEA5DACE5}.Release|Any CPU.ActiveCfg = Release|Any CPU
		{A851D896-AC63-4DC0-98FC-9E1EEA5DACE5}.Release|Any CPU.Build.0 = Release|Any CPU
		{049C94B7-EC09-4511-B6BC-21DE2C9C54E1}.Debug|Any CPU.ActiveCfg = Debug|Any CPU
		{049C94B7-EC09-4511-B6BC-21DE2C9C54E1}.Debug|Any CPU.Build.0 = Debug|Any CPU
		{049C94B7-EC09-4511-B6BC-21DE2C9C54E1}.Release|Any CPU.ActiveCfg = Release|Any CPU
		{049C94B7-EC09-4511-B6BC-21DE2C9C54E1}.Release|Any CPU.Build.0 = Release|Any CPU
		{749A8B24-397E-4794-B647-3557E19FBA41}.Debug|Any CPU.ActiveCfg = Debug|Any CPU
		{749A8B24-397E-4794-B647-3557E19FBA41}.Debug|Any CPU.Build.0 = Debug|Any CPU
		{749A8B24-397E-4794-B647-3557E19FBA41}.Release|Any CPU.ActiveCfg = Release|Any CPU
		{749A8B24-397E-4794-B647-3557E19FBA41}.Release|Any CPU.Build.0 = Release|Any CPU
		{5A884FCB-BD50-4C38-B692-030F3BA0AB0F}.Debug|Any CPU.ActiveCfg = Debug|Any CPU
		{5A884FCB-BD50-4C38-B692-030F3BA0AB0F}.Debug|Any CPU.Build.0 = Debug|Any CPU
		{5A884FCB-BD50-4C38-B692-030F3BA0AB0F}.Release|Any CPU.ActiveCfg = Release|Any CPU
		{5A884FCB-BD50-4C38-B692-030F3BA0AB0F}.Release|Any CPU.Build.0 = Release|Any CPU
		{9C5DF8EC-0F0C-4FF0-86CC-3BE5181E6292}.Debug|Any CPU.ActiveCfg = Debug|Any CPU
		{9C5DF8EC-0F0C-4FF0-86CC-3BE5181E6292}.Debug|Any CPU.Build.0 = Debug|Any CPU
		{9C5DF8EC-0F0C-4FF0-86CC-3BE5181E6292}.Release|Any CPU.ActiveCfg = Release|Any CPU
		{9C5DF8EC-0F0C-4FF0-86CC-3BE5181E6292}.Release|Any CPU.Build.0 = Release|Any CPU
		{D017DD5E-2DE1-462A-A891-CAB16C8BF940}.Debug|Any CPU.ActiveCfg = Debug|Any CPU
		{D017DD5E-2DE1-462A-A891-CAB16C8BF940}.Debug|Any CPU.Build.0 = Debug|Any CPU
		{D017DD5E-2DE1-462A-A891-CAB16C8BF940}.Release|Any CPU.ActiveCfg = Release|Any CPU
		{D017DD5E-2DE1-462A-A891-CAB16C8BF940}.Release|Any CPU.Build.0 = Release|Any CPU
		{0B3974A4-121C-486B-964F-9037DAD3C5E8}.Debug|Any CPU.ActiveCfg = Debug|Any CPU
		{0B3974A4-121C-486B-964F-9037DAD3C5E8}.Debug|Any CPU.Build.0 = Debug|Any CPU
		{0B3974A4-121C-486B-964F-9037DAD3C5E8}.Release|Any CPU.ActiveCfg = Release|Any CPU
		{0B3974A4-121C-486B-964F-9037DAD3C5E8}.Release|Any CPU.Build.0 = Release|Any CPU
		{15E06324-A80A-4CC5-A1DA-524A7FE847C4}.Debug|Any CPU.ActiveCfg = Debug|Any CPU
		{15E06324-A80A-4CC5-A1DA-524A7FE847C4}.Debug|Any CPU.Build.0 = Debug|Any CPU
		{15E06324-A80A-4CC5-A1DA-524A7FE847C4}.Release|Any CPU.ActiveCfg = Release|Any CPU
		{15E06324-A80A-4CC5-A1DA-524A7FE847C4}.Release|Any CPU.Build.0 = Release|Any CPU
		{C64B9DB4-256D-41FC-8CE9-9F93DC02A57E}.Debug|Any CPU.ActiveCfg = Debug|Any CPU
		{C64B9DB4-256D-41FC-8CE9-9F93DC02A57E}.Debug|Any CPU.Build.0 = Debug|Any CPU
		{C64B9DB4-256D-41FC-8CE9-9F93DC02A57E}.Release|Any CPU.ActiveCfg = Release|Any CPU
		{C64B9DB4-256D-41FC-8CE9-9F93DC02A57E}.Release|Any CPU.Build.0 = Release|Any CPU
		{0A521451-D7ED-4148-A3F6-3CAF9C169C32}.Debug|Any CPU.ActiveCfg = Debug|Any CPU
		{0A521451-D7ED-4148-A3F6-3CAF9C169C32}.Debug|Any CPU.Build.0 = Debug|Any CPU
		{0A521451-D7ED-4148-A3F6-3CAF9C169C32}.Release|Any CPU.ActiveCfg = Release|Any CPU
		{0A521451-D7ED-4148-A3F6-3CAF9C169C32}.Release|Any CPU.Build.0 = Release|Any CPU
	EndGlobalSection
	GlobalSection(SolutionProperties) = preSolution
		HideSolutionNode = FALSE
	EndGlobalSection
	GlobalSection(NestedProjects) = preSolution
		{D51EC17D-12C3-4101-BCF1-4EC65822CC5B} = {154B838E-65DE-479F-80B7-D48CF9862306}
		{15AAEF8D-469F-4EA3-80D3-8D746A53E18A} = {672E561C-44EA-43EE-8C9D-9E70D8DFB80F}
		{23D83C90-BC4D-4D55-982E-67A55EE97D0D} = {FCAB2F70-846A-4C13-8332-48B70C792256}
		{477711F6-C7D5-45D5-8E8B-A1810DD307D1} = {672E561C-44EA-43EE-8C9D-9E70D8DFB80F}
		{9FFE063D-3093-4C0A-AFAA-85D34E5E4AE1} = {873BFCC4-435D-44D7-8287-1FB1574B2319}
		{58599385-98BD-44A4-9990-A7AEDCAFC8A0} = {154B838E-65DE-479F-80B7-D48CF9862306}
		{6E3F2DD4-6AE5-49B2-B5E4-04B21E073B4F} = {4A930AE8-3A32-48A4-BCDB-0F55FA53AE4B}
		{FAF13809-A3BA-417D-AC25-B682011AB655} = {4A930AE8-3A32-48A4-BCDB-0F55FA53AE4B}
		{A19EC5EA-3E4F-47CD-A9B8-802663E9F489} = {110C16ED-A11D-4B5A-ABB2-0E0F4692C77A}
		{3649B470-E632-41F7-A7B9-5331B21B3560} = {873BFCC4-435D-44D7-8287-1FB1574B2319}
		{A1C3BA6A-7055-4AFD-9EB3-3B9019D3E7A4} = {110C16ED-A11D-4B5A-ABB2-0E0F4692C77A}
		{07E3D341-708A-4399-93CA-0CAC8ABE3364} = {30CC9E47-ED93-4E09-A567-2BF3B414B882}
		{18817438-77AB-4547-98D8-9BC9973C68C5} = {30CC9E47-ED93-4E09-A567-2BF3B414B882}
		{55D717E8-6043-487C-83A9-8AE2E92086D7} = {873BFCC4-435D-44D7-8287-1FB1574B2319}
		{A851D896-AC63-4DC0-98FC-9E1EEA5DACE5} = {873BFCC4-435D-44D7-8287-1FB1574B2319}
		{049C94B7-EC09-4511-B6BC-21DE2C9C54E1} = {873BFCC4-435D-44D7-8287-1FB1574B2319}
		{0B013153-526C-4B3B-8363-2D8ECA36AFFC} = {820129FF-6448-42E2-8792-ABE1A8CBF722}
		{5A884FCB-BD50-4C38-B692-030F3BA0AB0F} = {2B151195-53F6-45CD-84D5-F1E18CDFF1B0}
		{9C5DF8EC-0F0C-4FF0-86CC-3BE5181E6292} = {2B151195-53F6-45CD-84D5-F1E18CDFF1B0}
		{D017DD5E-2DE1-462A-A891-CAB16C8BF940} = {2B151195-53F6-45CD-84D5-F1E18CDFF1B0}
		{0B3974A4-121C-486B-964F-9037DAD3C5E8} = {2B151195-53F6-45CD-84D5-F1E18CDFF1B0}
		{15E06324-A80A-4CC5-A1DA-524A7FE847C4} = {110C16ED-A11D-4B5A-ABB2-0E0F4692C77A}
		{C64B9DB4-256D-41FC-8CE9-9F93DC02A57E} = {68D7B56B-A363-4645-8390-AF433193F63A}
		{0A521451-D7ED-4148-A3F6-3CAF9C169C32} = {68D7B56B-A363-4645-8390-AF433193F63A}
		{7BD651E7-3B5C-4118-963C-629C34F30258} = {1EC38150-0AA2-4D31-B9B3-84E25D7BBD7D}
	EndGlobalSection
	GlobalSection(ExtensibilityGlobals) = postSolution
		SolutionGuid = {0E72B357-9E1E-43B5-9868-8D2B74CB2AF0}
	EndGlobalSection
EndGlobal
