
Microsoft Visual Studio Solution File, Format Version 12.00
# Visual Studio Version 17
VisualStudioVersion = 17.6.33723.286
MinimumVisualStudioVersion = 10.0.40219.1
Project("{9A19103F-16F7-4668-BE54-9A1E7A4F7556}") = "Nox.Generator", "Nox.Generator\Nox.Generator.csproj", "{D51EC17D-12C3-4101-BCF1-4EC65822CC5B}"
EndProject
Project("{9A19103F-16F7-4668-BE54-9A1E7A4F7556}") = "NoxSourceGeneratorTests", "..\tests\NoxSourceGeneratorTests\NoxSourceGeneratorTests.csproj", "{2387D8FA-F665-4ACB-AAC8-692929BBA396}"
EndProject
Project("{FAE04EC0-301F-11D3-BF4B-00C04F79EFBC}") = "SampleWebApp", "SampleWebApp\SampleWebApp.csproj", "{8FC400B5-B768-4712-BDBA-359BC2606B1B}"
EndProject
Project("{FAE04EC0-301F-11D3-BF4B-00C04F79EFBC}") = "Nox.Lib", "Nox.Lib\Nox.Lib.csproj", "{15AAEF8D-469F-4EA3-80D3-8D746A53E18A}"
EndProject
Global
	GlobalSection(SolutionConfigurationPlatforms) = preSolution
		Debug|Any CPU = Debug|Any CPU
		Release|Any CPU = Release|Any CPU
	EndGlobalSection
	GlobalSection(ProjectConfigurationPlatforms) = postSolution
		{D51EC17D-12C3-4101-BCF1-4EC65822CC5B}.Debug|Any CPU.ActiveCfg = Debug|Any CPU
		{D51EC17D-12C3-4101-BCF1-4EC65822CC5B}.Debug|Any CPU.Build.0 = Debug|Any CPU
		{D51EC17D-12C3-4101-BCF1-4EC65822CC5B}.Release|Any CPU.ActiveCfg = Release|Any CPU
		{D51EC17D-12C3-4101-BCF1-4EC65822CC5B}.Release|Any CPU.Build.0 = Release|Any CPU
		{2387D8FA-F665-4ACB-AAC8-692929BBA396}.Debug|Any CPU.ActiveCfg = Debug|Any CPU
		{2387D8FA-F665-4ACB-AAC8-692929BBA396}.Debug|Any CPU.Build.0 = Debug|Any CPU
		{2387D8FA-F665-4ACB-AAC8-692929BBA396}.Release|Any CPU.ActiveCfg = Release|Any CPU
		{2387D8FA-F665-4ACB-AAC8-692929BBA396}.Release|Any CPU.Build.0 = Release|Any CPU
		{8FC400B5-B768-4712-BDBA-359BC2606B1B}.Debug|Any CPU.ActiveCfg = Debug|Any CPU
		{8FC400B5-B768-4712-BDBA-359BC2606B1B}.Debug|Any CPU.Build.0 = Debug|Any CPU
		{8FC400B5-B768-4712-BDBA-359BC2606B1B}.Release|Any CPU.ActiveCfg = Release|Any CPU
		{8FC400B5-B768-4712-BDBA-359BC2606B1B}.Release|Any CPU.Build.0 = Release|Any CPU
		{15AAEF8D-469F-4EA3-80D3-8D746A53E18A}.Debug|Any CPU.ActiveCfg = Debug|Any CPU
		{15AAEF8D-469F-4EA3-80D3-8D746A53E18A}.Debug|Any CPU.Build.0 = Debug|Any CPU
		{15AAEF8D-469F-4EA3-80D3-8D746A53E18A}.Release|Any CPU.ActiveCfg = Release|Any CPU
		{15AAEF8D-469F-4EA3-80D3-8D746A53E18A}.Release|Any CPU.Build.0 = Release|Any CPU
	EndGlobalSection
	GlobalSection(SolutionProperties) = preSolution
		HideSolutionNode = FALSE
	EndGlobalSection
	GlobalSection(ExtensibilityGlobals) = postSolution
		SolutionGuid = {0E72B357-9E1E-43B5-9868-8D2B74CB2AF0}
	EndGlobalSection
EndGlobal
